
Microsoft Visual Studio Solution File, Format Version 12.00
# Visual Studio Version 17
VisualStudioVersion = 17.9.34728.123
MinimumVisualStudioVersion = 10.0.40219.1
Project("{FAE04EC0-301F-11D3-BF4B-00C04F79EFBC}") = "InheritanceMapping", "InheritanceMapping\InheritanceMapping.csproj", "{AA7C9FEA-E76C-43DC-810E-87B9A78AC12A}"
EndProject
Global
	GlobalSection(SolutionConfigurationPlatforms) = preSolution
		Debug|Any CPU = Debug|Any CPU
		Release|Any CPU = Release|Any CPU
	EndGlobalSection
	GlobalSection(ProjectConfigurationPlatforms) = postSolution
		{AA7C9FEA-E76C-43DC-810E-87B9A78AC12A}.Debug|Any CPU.ActiveCfg = Debug|Any CPU
		{AA7C9FEA-E76C-43DC-810E-87B9A78AC12A}.Debug|Any CPU.Build.0 = Debug|Any CPU
		{AA7C9FEA-E76C-43DC-810E-87B9A78AC12A}.Release|Any CPU.ActiveCfg = Release|Any CPU
		{AA7C9FEA-E76C-43DC-810E-87B9A78AC12A}.Release|Any CPU.Build.0 = Release|Any CPU
	EndGlobalSection
	GlobalSection(SolutionProperties) = preSolution
		HideSolutionNode = FALSE
	EndGlobalSection
	GlobalSection(ExtensibilityGlobals) = postSolution
		SolutionGuid = {464F242F-C8D3-4E0F-845F-0D580CA60559}
	EndGlobalSection
EndGlobal
